
Microsoft Visual Studio Solution File, Format Version 12.00
# Visual Studio Version 17
VisualStudioVersion = 17.5.002.0
MinimumVisualStudioVersion = 10.0.40219.1
Project("{9A19103F-16F7-4668-BE54-9A1E7A4F7556}") = "trabalho-POO", "trabalho-POO.csproj", "{02C712F4-57C9-495B-87F2-CCE08AD9AB60}"
EndProject
Global
	GlobalSection(SolutionConfigurationPlatforms) = preSolution
		Debug|Any CPU = Debug|Any CPU
		Release|Any CPU = Release|Any CPU
	EndGlobalSection
	GlobalSection(ProjectConfigurationPlatforms) = postSolution
		{02C712F4-57C9-495B-87F2-CCE08AD9AB60}.Debug|Any CPU.ActiveCfg = Debug|Any CPU
		{02C712F4-57C9-495B-87F2-CCE08AD9AB60}.Debug|Any CPU.Build.0 = Debug|Any CPU
		{02C712F4-57C9-495B-87F2-CCE08AD9AB60}.Release|Any CPU.ActiveCfg = Release|Any CPU
		{02C712F4-57C9-495B-87F2-CCE08AD9AB60}.Release|Any CPU.Build.0 = Release|Any CPU
	EndGlobalSection
	GlobalSection(SolutionProperties) = preSolution
		HideSolutionNode = FALSE
	EndGlobalSection
	GlobalSection(ExtensibilityGlobals) = postSolution
		SolutionGuid = {2FD765D4-CC33-4771-A4DD-36FED239B8F0}
	EndGlobalSection
EndGlobal
